
Microsoft Visual Studio Solution File, Format Version 12.00
# Visual Studio Version 17
VisualStudioVersion = 17.7.34024.191
MinimumVisualStudioVersion = 10.0.40219.1
Project("{FAE04EC0-301F-11D3-BF4B-00C04F79EFBC}") = "Bottom_Up_Parser(Lab_8)", "Bottom_Up_Parser(Lab_8)\Bottom_Up_Parser(Lab_8).csproj", "{153F4746-F4A2-42C5-A258-0E91ED400201}"
EndProject
Global
	GlobalSection(SolutionConfigurationPlatforms) = preSolution
		Debug|Any CPU = Debug|Any CPU
		Release|Any CPU = Release|Any CPU
	EndGlobalSection
	GlobalSection(ProjectConfigurationPlatforms) = postSolution
		{153F4746-F4A2-42C5-A258-0E91ED400201}.Debug|Any CPU.ActiveCfg = Debug|Any CPU
		{153F4746-F4A2-42C5-A258-0E91ED400201}.Debug|Any CPU.Build.0 = Debug|Any CPU
		{153F4746-F4A2-42C5-A258-0E91ED400201}.Release|Any CPU.ActiveCfg = Release|Any CPU
		{153F4746-F4A2-42C5-A258-0E91ED400201}.Release|Any CPU.Build.0 = Release|Any CPU
	EndGlobalSection
	GlobalSection(SolutionProperties) = preSolution
		HideSolutionNode = FALSE
	EndGlobalSection
	GlobalSection(ExtensibilityGlobals) = postSolution
		SolutionGuid = {9EEE0ED6-F50F-46CD-8E40-BD99ED8EA507}
	EndGlobalSection
EndGlobal
